PODS:
  - Alamofire (5.4.4)
  - CollectionKit (2.4.0):
    - CollectionKit/Core (= 2.4.0)
  - CollectionKit/Core (2.4.0)
  - Moya (15.0.0):
    - Moya/Core (= 15.0.0)
  - Moya/Core (15.0.0):
    - Alamofire (~> 5.0)

DEPENDENCIES:
  - CollectionKit
  - Moya (~> 15.0)

SPEC REPOS:
  trunk:
    - Alamofire
    - CollectionKit
    - Moya

SPEC CHECKSUMS:
  Alamofire: f3b09a368f1582ab751b3fff5460276e0d2cf5c9
  CollectionKit: 8f01e7629185bb81072c4aa734d105df5c2d1c8b
  Moya: 138f0573e53411fb3dc17016add0b748dfbd78ee

PODFILE CHECKSUM: c9162acb6b715439ce6b83251e83eef9644a3dcb

COCOAPODS: 1.11.2
